<Solution>
  <Folder Name="/src/">
    <Project Path="src/Pane.Abstractions/Pane.Abstractions.csproj" />
    <Project Path="src/Pane.App/Pane.App.csproj" />
    <Project Path="src/Pane.Core/Pane.Core.csproj" />
    <Project Path="src/Pane.Platform/Pane.Platform.csproj" />
    <Project Path="src/Pane.Plugins.Apps/Pane.Plugins.Apps.csproj" />
    <Project Path="src/Pane.Ui/Pane.Ui.csproj" />
  </Folder>
  <Folder Name="/tests/">
    <Project Path="tests/Pane.Abstractions.Tests/Pane.Abstractions.Tests.csproj" />
    <Project Path="tests/Pane.Core.Tests/Pane.Core.Tests.csproj" />
    <Project Path="tests/Pane.Plugins.Apps.Tests/Pane.Plugins.Apps.Tests.csproj" />
  </Folder>
  <Folder Name="/tests/Pane.Core.Tests/" />
  <Folder Name="/tests/Pane.Core.Tests/Fixtures/">
    <Project Path="tests/Pane.Core.Tests/Fixtures/TestPlugin/TestPlugin.csproj" />
    <Project Path="tests/Pane.Core.Tests/Fixtures/TestPluginV2/TestPluginV2.csproj" />
    <Project Path="tests/Pane.Core.Tests/Fixtures/ThrowingPlugin/ThrowingPlugin.csproj" />
  </Folder>
</Solution>
